
Microsoft Visual Studio Solution File, Format Version 12.00
# Visual Studio Version 17
VisualStudioVersion = 17.14.37012.4 d17.14
MinimumVisualStudioVersion = 10.0.40219.1
Project("{FAE04EC0-301F-11D3-BF4B-00C04F79EFBC}") = "HelloWorldCICD", "HelloWorldCICD.csproj", "{1CDB06DB-73FA-4B0D-A16A-C6D7731C8A28}"
EndProject
Global
	GlobalSection(SolutionConfigurationPlatforms) = preSolution
		Debug|Any CPU = Debug|Any CPU
		Release|Any CPU = Release|Any CPU
	EndGlobalSection
	GlobalSection(ProjectConfigurationPlatforms) = postSolution
		{1CDB06DB-73FA-4B0D-A16A-C6D7731C8A28}.Debug|Any CPU.ActiveCfg = Debug|Any CPU
		{1CDB06DB-73FA-4B0D-A16A-C6D7731C8A28}.Debug|Any CPU.Build.0 = Debug|Any CPU
		{1CDB06DB-73FA-4B0D-A16A-C6D7731C8A28}.Release|Any CPU.ActiveCfg = Release|Any CPU
		{1CDB06DB-73FA-4B0D-A16A-C6D7731C8A28}.Release|Any CPU.Build.0 = Release|Any CPU
	EndGlobalSection
	GlobalSection(SolutionProperties) = preSolution
		HideSolutionNode = FALSE
	EndGlobalSection
	GlobalSection(ExtensibilityGlobals) = postSolution
		SolutionGuid = {98B4D446-2738-46C3-88F6-23A42D1D4F87}
	EndGlobalSection
EndGlobal
